
Microsoft Visual Studio Solution File, Format Version 12.00
# Visual Studio 2017
Project("{FAE04EC0-301F-11D3-BF4B-00C04F79EFBC}") = "arora", "arora.csproj", "{06B9E40B-4DD5-683C-82AF-9A52DDCA8921}"
EndProject
Project("{FAE04EC0-301F-11D3-BF4B-00C04F79EFBC}") = "arora.Editor", "arora.Editor.csproj", "{4F44E5DF-2CC7-8056-9286-D3C50D31154B}"
EndProject
Global
	GlobalSection(SolutionConfigurationPlatforms) = preSolution
		Debug|Any CPU = Debug|Any CPU
		Release|Any CPU = Release|Any CPU
	EndGlobalSection
	GlobalSection(ProjectConfigurationPlatforms) = postSolution
		{06B9E40B-4DD5-683C-82AF-9A52DDCA8921}.Debug|Any CPU.ActiveCfg = Debug|Any CPU
		{06B9E40B-4DD5-683C-82AF-9A52DDCA8921}.Debug|Any CPU.Build.0 = Debug|Any CPU
		{06B9E40B-4DD5-683C-82AF-9A52DDCA8921}.Release|Any CPU.ActiveCfg = Release|Any CPU
		{06B9E40B-4DD5-683C-82AF-9A52DDCA8921}.Release|Any CPU.Build.0 = Release|Any CPU
		{4F44E5DF-2CC7-8056-9286-D3C50D31154B}.Debug|Any CPU.ActiveCfg = Debug|Any CPU
		{4F44E5DF-2CC7-8056-9286-D3C50D31154B}.Debug|Any CPU.Build.0 = Debug|Any CPU
		{4F44E5DF-2CC7-8056-9286-D3C50D31154B}.Release|Any CPU.ActiveCfg = Release|Any CPU
		{4F44E5DF-2CC7-8056-9286-D3C50D31154B}.Release|Any CPU.Build.0 = Release|Any CPU
	EndGlobalSection
	GlobalSection(SolutionProperties) = preSolution
		HideSolutionNode = FALSE
	EndGlobalSection
EndGlobal
