
Microsoft Visual Studio Solution File, Format Version 11.00
# Visual Studio 2010
Project("{FAE04EC0-301F-11D3-BF4B-00C04F79EFBC}") = "HUNCH with Menu", "Assembly-CSharp.csproj", "{674C7CA3-0891-0760-9779-14946F3F4806}"
EndProject
Project("{FAE04EC0-301F-11D3-BF4B-00C04F79EFBC}") = "HUNCH with Menu", "Assembly-CSharp-Editor.csproj", "{9AC55763-9727-DFD9-5ABE-DC050DFD126C}"
EndProject
Global
	GlobalSection(SolutionConfigurationPlatforms) = preSolution
		Debug|Any CPU = Debug|Any CPU
		Release|Any CPU = Release|Any CPU
	EndGlobalSection
	GlobalSection(ProjectConfigurationPlatforms) = postSolution
		{674C7CA3-0891-0760-9779-14946F3F4806}.Debug|Any CPU.ActiveCfg = Debug|Any CPU
		{674C7CA3-0891-0760-9779-14946F3F4806}.Debug|Any CPU.Build.0 = Debug|Any CPU
		{674C7CA3-0891-0760-9779-14946F3F4806}.Release|Any CPU.ActiveCfg = Release|Any CPU
		{674C7CA3-0891-0760-9779-14946F3F4806}.Release|Any CPU.Build.0 = Release|Any CPU
		{9AC55763-9727-DFD9-5ABE-DC050DFD126C}.Debug|Any CPU.ActiveCfg = Debug|Any CPU
		{9AC55763-9727-DFD9-5ABE-DC050DFD126C}.Debug|Any CPU.Build.0 = Debug|Any CPU
		{9AC55763-9727-DFD9-5ABE-DC050DFD126C}.Release|Any CPU.ActiveCfg = Release|Any CPU
		{9AC55763-9727-DFD9-5ABE-DC050DFD126C}.Release|Any CPU.Build.0 = Release|Any CPU
	EndGlobalSection
	GlobalSection(SolutionProperties) = preSolution
		HideSolutionNode = FALSE
	EndGlobalSection
	GlobalSection(MonoDevelopProperties) = preSolution
		StartupItem = Assembly-CSharp.csproj
	EndGlobalSection
EndGlobal
